// !$*UTF8*$!
{
	archiveVersion = 1;
	classes = {
	};
	objectVersion = 50;
	objects = {

/* Begin PBXBuildFile section */
		A3155F3622576FF5002CACBF /* AppDelegate.swift in Sources */ = {isa = PBXBuildFile; fileRef = A3155F3522576FF5002CACBF /* AppDelegate.swift */; };
		A3155F3822576FF5002CACBF /* GameScene.sks in Resources */ = {isa = PBXBuildFile; fileRef = A3155F3722576FF5002CACBF /* GameScene.sks */; };
		A3155F3A22576FF5002CACBF /* Actions.sks in Resources */ = {isa = PBXBuildFile; fileRef = A3155F3922576FF5002CACBF /* Actions.sks */; };
		A3155F3C22576FF5002CACBF /* GameScene.swift in Sources */ = {isa = PBXBuildFile; fileRef = A3155F3B22576FF5002CACBF /* GameScene.swift */; };
		A3155F3E22576FF5002CACBF /* GameViewController.swift in Sources */ = {isa = PBXBuildFile; fileRef = A3155F3D22576FF5002CACBF /* GameViewController.swift */; };
		A3155F4122576FF5002CACBF /* Main.storyboard in Resources */ = {isa = PBXBuildFile; fileRef = A3155F3F22576FF5002CACBF /* Main.storyboard */; };
		A3155F4322576FF7002CACBF /* Assets.xcassets in Resources */ = {isa = PBXBuildFile; fileRef = A3155F4222576FF7002CACBF /* Assets.xcassets */; };
		A3155F4622576FF7002CACBF /* LaunchScreen.storyboard in Resources */ = {isa = PBXBuildFile; fileRef = A3155F4422576FF7002CACBF /* LaunchScreen.storyboard */; };
/* End PBXBuildFile section */

/* Begin PBXFileReference section */
		A3155F3222576FF5002CACBF /* sekoiah-gamepad.app */ = {isa = PBXFileReference; explicitFileType = wrapper.application; includeInIndex = 0; path = "sekoiah-gamepad.app"; sourceTree = BUILT_PRODUCTS_DIR; };
		A3155F3522576FF5002CACBF /* AppDelegate.swift */ = {isa = PBXFileReference; lastKnownFileType = sourcecode.swift; path = AppDelegate.swift; sourceTree = "<group>"; };
		A3155F3722576FF5002CACBF /* GameScene.sks */ = {isa = PBXFileReference; lastKnownFileType = file.sks; path = GameScene.sks; sourceTree = "<group>"; };
		A3155F3922576FF5002CACBF /* Actions.sks */ = {isa = PBXFileReference; lastKnownFileType = file.sks; path = Actions.sks; sourceTree = "<group>"; };
		A3155F3B22576FF5002CACBF /* GameScene.swift */ = {isa = PBXFileReference; lastKnownFileType = sourcecode.swift; path = GameScene.swift; sourceTree = "<group>"; };
		A3155F3D22576FF5002CACBF /* GameViewController.swift */ = {isa = PBXFileReference; lastKnownFileType = sourcecode.swift; path = GameViewController.swift; sourceTree = "<group>"; };
		A3155F4022576FF5002CACBF /* Base */ = {isa = PBXFileReference; lastKnownFileType = file.storyboard; name = Base; path = Base.lproj/Main.storyboard; sourceTree = "<group>"; };
		A3155F4222576FF7002CACBF /* Assets.xcassets */ = {isa = PBXFileReference; lastKnownFileType = folder.assetcatalog; path = Assets.xcassets; sourceTree = "<group>"; };
		A3155F4522576FF7002CACBF /* Base */ = {isa = PBXFileReference; lastKnownFileType = file.storyboard; name = Base; path = Base.lproj/LaunchScreen.storyboard; sourceTree = "<group>"; };
		A3155F4722576FF7002CACBF /* Info.plist */ = {isa = PBXFileReference; lastKnownFileType = text.plist.xml; path = Info.plist; sourceTree = "<group>"; };
/* End PBXFileReference section */

/* Begin PBXFrameworksBuildPhase section */
		A3155F2F22576FF5002CACBF /* Frameworks */ = {
			isa = PBXFrameworksBuildPhase;
			buildActionMask = 2147483647;
			files = (
			);
			runOnlyForDeploymentPostprocessing = 0;
		};
/* End PBXFrameworksBuildPhase section */

/* Begin PBXGroup section */
		A3155F2922576FF5002CACBF = {
			isa = PBXGroup;
			children = (
				A3155F3422576FF5002CACBF /* sekoiah-gamepad */,
				A3155F3322576FF5002CACBF /* Products */,
			);
			sourceTree = "<group>";
		};
		A3155F3322576FF5002CACBF /* Products */ = {
			isa = PBXGroup;
			children = (
				A3155F3222576FF5002CACBF /* sekoiah-gamepad.app */,
			);
			name = Products;
			sourceTree = "<group>";
		};
		A3155F3422576FF5002CACBF /* sekoiah-gamepad */ = {
			isa = PBXGroup;
			children = (
				A3155F3522576FF5002CACBF /* AppDelegate.swift */,
				A3155F3722576FF5002CACBF /* GameScene.sks */,
				A3155F3922576FF5002CACBF /* Actions.sks */,
				A3155F3B22576FF5002CACBF /* GameScene.swift */,
				A3155F3D22576FF5002CACBF /* GameViewController.swift */,
				A3155F3F22576FF5002CACBF /* Main.storyboard */,
				A3155F4222576FF7002CACBF /* Assets.xcassets */,
				A3155F4422576FF7002CACBF /* LaunchScreen.storyboard */,
				A3155F4722576FF7002CACBF /* Info.plist */,
			);
			path = "sekoiah-gamepad";
			sourceTree = "<group>";
		};
/* End PBXGroup section */

/* Begin PBXNativeTarget section */
		A3155F3122576FF5002CACBF /* sekoiah-gamepad */ = {
			isa = PBXNativeTarget;
			buildConfigurationList = A3155F4A22576FF7002CACBF /* Build configuration list for PBXNativeTarget "sekoiah-gamepad" */;
			buildPhases = (
				A3155F2E22576FF5002CACBF /* Sources */,
				A3155F2F22576FF5002CACBF /* Frameworks */,
				A3155F3022576FF5002CACBF /* Resources */,
			);
			buildRules = (
			);
			dependencies = (
			);
			name = "sekoiah-gamepad";
			productName = "sekoiah-gamepad";
			productReference = A3155F3222576FF5002CACBF /* sekoiah-gamepad.app */;
			productType = "com.apple.product-type.application";
		};
/* End PBXNativeTarget section */

/* Begin PBXProject section */
		A3155F2A22576FF5002CACBF /* Project object */ = {
			isa = PBXProject;
			attributes = {
				LastSwiftUpdateCheck = 1020;
				LastUpgradeCheck = 1020;
				ORGANIZATIONNAME = "Bruno Rocha";
				TargetAttributes = {
					A3155F3122576FF5002CACBF = {
						CreatedOnToolsVersion = 10.2;
					};
				};
			};
			buildConfigurationList = A3155F2D22576FF5002CACBF /* Build configuration list for PBXProject "sekoiah-gamepad" */;
			compatibilityVersion = "Xcode 9.3";
			developmentRegion = en;
			hasScannedForEncodings = 0;
			knownRegions = (
				en,
				Base,
			);
			mainGroup = A3155F2922576FF5002CACBF;
			productRefGroup = A3155F3322576FF5002CACBF /* Products */;
			projectDirPath = "";
			projectRoot = "";
			targets = (
				A3155F3122576FF5002CACBF /* sekoiah-gamepad */,
			);
		};
/* End PBXProject section */

/* Begin PBXResourcesBuildPhase section */
		A3155F3022576FF5002CACBF /* Resources */ = {
			isa = PBXResourcesBuildPhase;
			buildActionMask = 2147483647;
			files = (
				A3155F4122576FF5002CACBF /* Main.storyboard in Resources */,
				A3155F3822576FF5002CACBF /* GameScene.sks in Resources */,
				A3155F4322576FF7002CACBF /* Assets.xcassets in Resources */,
				A3155F4622576FF7002CACBF /* LaunchScreen.storyboard in Resources */,
				A3155F3A22576FF5002CACBF /* Actions.sks in Resources */,
			);
			runOnlyForDeploymentPostprocessing = 0;
		};
/* End PBXResourcesBuildPhase section */

/* Begin PBXSourcesBuildPhase section */
		A3155F2E22576FF5002CACBF /* Sources */ = {
			isa = PBXSourcesBuildPhase;
			buildActionMask = 2147483647;
			files = (
				A3155F3C22576FF5002CACBF /* GameScene.swift in Sources */,
				A3155F3E22576FF5002CACBF /* GameViewController.swift in Sources */,
				A3155F3622576FF5002CACBF /* AppDelegate.swift in Sources */,
			);
			runOnlyForDeploymentPostprocessing = 0;
		};
/* End PBXSourcesBuildPhase section */

/* Begin PBXVariantGroup section */
		A3155F3F22576FF5002CACBF /* Main.storyboard */ = {
			isa = PBXVariantGroup;
			children = (
				A3155F4022576FF5002CACBF /* Base */,
			);
			name = Main.storyboard;
			sourceTree = "<group>";
		};
		A3155F4422576FF7002CACBF /* LaunchScreen.storyboard */ = {
			isa = PBXVariantGroup;
			children = (
				A3155F4522576FF7002CACBF /* Base */,
			);
			name = LaunchScreen.storyboard;
			sourceTree = "<group>";
		};
/* End PBXVariantGroup section */

/* Begin XCBuildConfiguration section */
		A3155F4822576FF7002CACBF /* Debug */ = {
			isa = XCBuildConfiguration;
			buildSettings = {
				ALWAYS_SEARCH_USER_PATHS = NO;
				CLANG_ANALYZER_NONNULL = YES;
				CLANG_ANALYZER_NUMBER_OBJECT_CONVERSION = YES_AGGRESSIVE;
				CLANG_CXX_LANGUAGE_STANDARD = "gnu++14";
				CLANG_CXX_LIBRARY = "libc++";
				CLANG_ENABLE_MODULES = YES;
				CLANG_ENABLE_OBJC_ARC = YES;
				CLANG_ENABLE_OBJC_WEAK = YES;
				CLANG_WARN_BLOCK_CAPTURE_AUTORELEASING = YES;
				CLANG_WARN_BOOL_CONVERSION = YES;
				CLANG_WARN_COMMA = YES;
				CLANG_WARN_CONSTANT_CONVERSION = YES;
				CLANG_WARN_DEPRECATED_OBJC_IMPLEMENTATIONS = YES;
				CLANG_WARN_DIRECT_OBJC_ISA_USAGE = YES_ERROR;
				CLANG_WARN_DOCUMENTATION_COMMENTS = YES;
				CLANG_WARN_EMPTY_BODY = YES;
				CLANG_WARN_ENUM_CONVERSION = YES;
				CLANG_WARN_INFINITE_RECURSION = YES;
				CLANG_WARN_INT_CONVERSION = YES;
				CLANG_WARN_NON_LITERAL_NULL_CONVERSION = YES;
				CLANG_WARN_OBJC_IMPLICIT_RETAIN_SELF = YES;
				CLANG_WARN_OBJC_LITERAL_CONVERSION = YES;
				CLANG_WARN_OBJC_ROOT_CLASS = YES_ERROR;
				CLANG_WARN_RANGE_LOOP_ANALYSIS = YES;
				CLANG_WARN_STRICT_PROTOTYPES = YES;
				CLANG_WARN_SUSPICIOUS_MOVE = YES;
				CLANG_WARN_UNGUARDED_AVAILABILITY = YES_AGGRESSIVE;
				CLANG_WARN_UNREACHABLE_CODE = YES;
				CLANG_WARN__DUPLICATE_METHOD_MATCH = YES;
				CODE_SIGN_IDENTITY = "iPhone Developer";
				COPY_PHASE_STRIP = NO;
				DEBUG_INFORMATION_FORMAT = dwarf;
				ENABLE_STRICT_OBJC_MSGSEND = YES;
				ENABLE_TESTABILITY = YES;
				GCC_C_LANGUAGE_STANDARD = gnu11;
				GCC_DYNAMIC_NO_PIC = NO;
				GCC_NO_COMMON_BLOCKS = YES;
				GCC_OPTIMIZATION_LEVEL = 0;
				GCC_PREPROCESSOR_DEFINITIONS = (
					"DEBUG=1",
					"$(inherited)",
				);
				GCC_WARN_64_TO_32_BIT_CONVERSION = YES;
				GCC_WARN_ABOUT_RETURN_TYPE = YES_ERROR;
				GCC_WARN_UNDECLARED_SELECTOR = YES;
				GCC_WARN_UNINITIALIZED_AUTOS = YES_AGGRESSIVE;
				GCC_WARN_UNUSED_FUNCTION = YES;
				GCC_WARN_UNUSED_VARIABLE = YES;
				IPHONEOS_DEPLOYMENT_TARGET = 12.2;
				MTL_ENABLE_DEBUG_INFO = INCLUDE_SOURCE;
				MTL_FAST_MATH = YES;
				ONLY_ACTIVE_ARCH = YES;
				SDKROOT = iphoneos;
				SWIFT_ACTIVE_COMPILATION_CONDITIONS = DEBUG;
				SWIFT_OPTIMIZATION_LEVEL = "-Onone";
			};
			name = Debug;
		};
		A3155F4922576FF7002CACBF /* Release */ = {
			isa = XCBuildConfiguration;
			buildSettings = {
				ALWAYS_SEARCH_USER_PATHS = NO;
				CLANG_ANALYZER_NONNULL = YES;
				CLANG_ANALYZER_NUMBER_OBJECT_CONVERSION = YES_AGGRESSIVE;
				CLANG_CXX_LANGUAGE_STANDARD = "gnu++14";
				CLANG_CXX_LIBRARY = "libc++";
				CLANG_ENABLE_MODULES = YES;
				CLANG_ENABLE_OBJC_ARC = YES;
				CLANG_ENABLE_OBJC_WEAK = YES;
				CLANG_WARN_BLOCK_CAPTURE_AUTORELEASING = YES;
				CLANG_WARN_BOOL_CONVERSION = YES;
				CLANG_WARN_COMMA = YES;
				CLANG_WARN_CONSTANT_CONVERSION = YES;
				CLANG_WARN_DEPRECATED_OBJC_IMPLEMENTATIONS = YES;
				CLANG_WARN_DIRECT_OBJC_ISA_USAGE = YES_ERROR;
				CLANG_WARN_DOCUMENTATION_COMMENTS = YES;
				CLANG_WARN_EMPTY_BODY = YES;
				CLANG_WARN_ENUM_CONVERSION = YES;
				CLANG_WARN_INFINITE_RECURSION = YES;
				CLANG_WARN_INT_CONVERSION = YES;
				CLANG_WARN_NON_LITERAL_NULL_CONVERSION = YES;
				CLANG_WARN_OBJC_IMPLICIT_RETAIN_SELF = YES;
				CLANG_WARN_OBJC_LITERAL_CONVERSION = YES;
				CLANG_WARN_OBJC_ROOT_CLASS = YES_ERROR;
				CLANG_WARN_RANGE_LOOP_ANALYSIS = YES;
				CLANG_WARN_STRICT_PROTOTYPES = YES;
				CLANG_WARN_SUSPICIOUS_MOVE = YES;
				CLANG_WARN_UNGUARDED_AVAILABILITY = YES_AGGRESSIVE;
				CLANG_WARN_UNREACHABLE_CODE = YES;
				CLANG_WARN__DUPLICATE_METHOD_MATCH = YES;
				CODE_SIGN_IDENTITY = "iPhone Developer";
				COPY_PHASE_STRIP = NO;
				DEBUG_INFORMATION_FORMAT = "dwarf-with-dsym";
				ENABLE_NS_ASSERTIONS = NO;
				ENABLE_STRICT_OBJC_MSGSEND = YES;
				GCC_C_LANGUAGE_STANDARD = gnu11;
				GCC_NO_COMMON_BLOCKS = YES;
				GCC_WARN_64_TO_32_BIT_CONVERSION = YES;
				GCC_WARN_ABOUT_RETURN_TYPE = YES_ERROR;
				GCC_WARN_UNDECLARED_SELECTOR = YES;
				GCC_WARN_UNINITIALIZED_AUTOS = YES_AGGRESSIVE;
				GCC_WARN_UNUSED_FUNCTION = YES;
				GCC_WARN_UNUSED_VARIABLE = YES;
				IPHONEOS_DEPLOYMENT_TARGET = 12.2;
				MTL_ENABLE_DEBUG_INFO = NO;
				MTL_FAST_MATH = YES;
				SDKROOT = iphoneos;
				SWIFT_COMPILATION_MODE = wholemodule;
				SWIFT_OPTIMIZATION_LEVEL = "-O";
				VALIDATE_PRODUCT = YES;
			};
			name = Release;
		};
		A3155F4B22576FF7002CACBF /* Debug */ = {
			isa = XCBuildConfiguration;
			buildSettings = {
				ASSETCATALOG_COMPILER_APPICON_NAME = AppIcon;
				CODE_SIGN_STYLE = Automatic;
				DEVELOPMENT_TEAM = MK2CL4Y92D;
				INFOPLIST_FILE = "sekoiah-gamepad/Info.plist";
				LD_RUNPATH_SEARCH_PATHS = (
					"$(inherited)",
					"@executable_path/Frameworks",
				);
				PRODUCT_BUNDLE_IDENTIFIER = "com.pratices.sekoiah-gamepad";
				PRODUCT_NAME = "$(TARGET_NAME)";
				SWIFT_VERSION = 5.0;
				TARGETED_DEVICE_FAMILY = "1,2";
			};
			name = Debug;
		};
		A3155F4C22576FF7002CACBF /* Release */ = {
			isa = XCBuildConfiguration;
			buildSettings = {
				ASSETCATALOG_COMPILER_APPICON_NAME = AppIcon;
				CODE_SIGN_STYLE = Automatic;
				DEVELOPMENT_TEAM = MK2CL4Y92D;
				INFOPLIST_FILE = "sekoiah-gamepad/Info.plist";
				LD_RUNPATH_SEARCH_PATHS = (
					"$(inherited)",
					"@executable_path/Frameworks",
				);
				PRODUCT_BUNDLE_IDENTIFIER = "com.pratices.sekoiah-gamepad";
				PRODUCT_NAME = "$(TARGET_NAME)";
				SWIFT_VERSION = 5.0;
				TARGETED_DEVICE_FAMILY = "1,2";
			};
			name = Release;
		};
/* End XCBuildConfiguration section */

/* Begin XCConfigurationList section */
		A3155F2D22576FF5002CACBF /* Build configuration list for PBXProject "sekoiah-gamepad" */ = {
			isa = XCConfigurationList;
			buildConfigurations = (
				A3155F4822576FF7002CACBF /* Debug */,
				A3155F4922576FF7002CACBF /* Release */,
			);
			defaultConfigurationIsVisible = 0;
			defaultConfigurationName = Release;
		};
		A3155F4A22576FF7002CACBF /* Build configuration list for PBXNativeTarget "sekoiah-gamepad" */ = {
			isa = XCConfigurationList;
			buildConfigurations = (
				A3155F4B22576FF7002CACBF /* Debug */,
				A3155F4C22576FF7002CACBF /* Release */,
			);
			defaultConfigurationIsVisible = 0;
			defaultConfigurationName = Release;
		};
/* End XCConfigurationList section */
	};
	rootObject = A3155F2A22576FF5002CACBF /* Project object */;
}
